
Microsoft Visual Studio Solution File, Format Version 12.00
# Visual Studio Version 17
VisualStudioVersion = 17.5.33502.453
MinimumVisualStudioVersion = 10.0.40219.1
Project("{FAE04EC0-301F-11D3-BF4B-00C04F79EFBC}") = "SnakesLadderGame", "SnakesLadderGame.csproj", "{C8702C54-72CF-41DE-BFE7-A0893223D0F3}"
EndProject
Project("{FAE04EC0-301F-11D3-BF4B-00C04F79EFBC}") = "Tests", "..\Tests\Tests.csproj", "{A86F998E-8322-407E-B57E-B2DE7A6EF898}"
EndProject
Global
	GlobalSection(SolutionConfigurationPlatforms) = preSolution
		Debug|Any CPU = Debug|Any CPU
		Release|Any CPU = Release|Any CPU
	EndGlobalSection
	GlobalSection(ProjectConfigurationPlatforms) = postSolution
		{C8702C54-72CF-41DE-BFE7-A0893223D0F3}.Debug|Any CPU.ActiveCfg = Debug|Any CPU
		{C8702C54-72CF-41DE-BFE7-A0893223D0F3}.Debug|Any CPU.Build.0 = Debug|Any CPU
		{C8702C54-72CF-41DE-BFE7-A0893223D0F3}.Release|Any CPU.ActiveCfg = Release|Any CPU
		{C8702C54-72CF-41DE-BFE7-A0893223D0F3}.Release|Any CPU.Build.0 = Release|Any CPU
		{A86F998E-8322-407E-B57E-B2DE7A6EF898}.Debug|Any CPU.ActiveCfg = Debug|Any CPU
		{A86F998E-8322-407E-B57E-B2DE7A6EF898}.Debug|Any CPU.Build.0 = Debug|Any CPU
		{A86F998E-8322-407E-B57E-B2DE7A6EF898}.Release|Any CPU.ActiveCfg = Release|Any CPU
		{A86F998E-8322-407E-B57E-B2DE7A6EF898}.Release|Any CPU.Build.0 = Release|Any CPU
	EndGlobalSection
	GlobalSection(SolutionProperties) = preSolution
		HideSolutionNode = FALSE
	EndGlobalSection
	GlobalSection(ExtensibilityGlobals) = postSolution
		SolutionGuid = {B18752D3-EA9B-4011-A88D-7866AD8BAFB0}
	EndGlobalSection
EndGlobal
